{
  "version": 1,
  "dependencies": {
    ".NETFramework,Version=v4.7.2": {
      "Microsoft.NETFramework.ReferenceAssemblies.net472": {
        "type": "Direct",
        "requested": "[1.0.3, )",
        "resolved": "1.0.3",
        "contentHash": "0E7evZXHXaDYYiLRfpyXvCh+yzM2rNTyuZDI+ZO7UUqSc6GfjePiXTdqJGtgIKUwdI81tzQKmaWprnUiPj9hAw=="
      }
    },
    ".NETFramework,Version=v4.7.2/win-x86": {},
    "net10.0": {
      "NetMQ": {
        "type": "Direct",
        "requested": "[4.0.4.3, )",
        "resolved": "4.0.4.3",
        "contentHash": "tJMTBVWneQgG4qwhcmDgK5wy7b4WWh+WovqzfCHp6dNcEkHSGxFRDvhlbFv758QCX/4RzblYGFVt9USEHh0B7w==",
        "dependencies": {
          "AsyncIO": "0.1.69",
          "NaCl.Net": "0.1.13",
          "System.Security.Cryptography.Xml": "10.0.10",
          "System.ServiceModel.Primitives": "10.0.652802"
        }
      },
      "AsyncIO": {
        "type": "Transitive",
        "resolved": "0.1.69",
        "contentHash": "xyXJLi+wjy6AtIyWXHXJkPS0gItqVT4lg5w++7bA5YEjugYKdrFMGxCo6KUJ1yYwjriLQJ1g35LDljZs3Q90XQ=="
      },
      "Microsoft.Extensions.ObjectPool": {
        "type": "Transitive",
        "resolved": "10.0.0",
        "contentHash": "bpeCq0IYmVLACyEUMzFIOQX+zZUElG1t+nu1lSxthe7B+1oNYking7b91305+jNB6iwojp9fqTY9O+Nh7ULQxg=="
      },
      "NaCl.Net": {
        "type": "Transitive",
        "resolved": "0.1.13",
        "contentHash": "AVg1455RQnyTy6tiessudruZHvbl70QWRPyx3og2I1Fei17LDNc7Z3DRgqN2+PsySBui/1EDP4A7adhQXydi6g=="
      },
      "System.Security.Cryptography.Pkcs": {
        "type": "Transitive",
        "resolved": "10.0.10",
        "contentHash": "KG8t5RHczdgB3IWvRndpI0nE1DSo7ikDYSDbITxfgRFyIvnYiKzuPjaZOsPnwFQ1aOGUl9sEulJul9wlHLEUoA=="
      },
      "System.Security.Cryptography.Xml": {
        "type": "Transitive",
        "resolved": "10.0.10",
        "contentHash": "Mz6Y+s+uMQKj1H2BUF0OhlmaOQkLgSG34/IrUaBDirYBQ6bgwcFvO/XtXWcoDlBLFoFB0uKqDNhybHOd+fQK1A==",
        "dependencies": {
          "System.Security.Cryptography.Pkcs": "10.0.10"
        }
      },
      "System.ServiceModel.Primitives": {
        "type": "Transitive",
        "resolved": "10.0.652802",
        "contentHash": "ULfGNl75BNXkpF42wNV2CDXJ64dUZZEa8xO2mBsc4tqbW9QjruxjEB6bAr4Z/T1rNU+leOztIjCJQYsBGFWYlw==",
        "dependencies": {
          "Microsoft.Extensions.ObjectPool": "10.0.0",
          "System.Security.Cryptography.Xml": "10.0.0"
        }
      }
    },
    "net10.0/win-x86": {
      "System.Security.Cryptography.Pkcs": {
        "type": "Transitive",
        "resolved": "10.0.10",
        "contentHash": "KG8t5RHczdgB3IWvRndpI0nE1DSo7ikDYSDbITxfgRFyIvnYiKzuPjaZOsPnwFQ1aOGUl9sEulJul9wlHLEUoA=="
      }
    }
  }
}